// !$*UTF8*$!
{
	archiveVersion = 1;
	classes = {
	};
	objectVersion = 50;
	objects = {

/* Begin PBXBuildFile section */
		588818D724482EAD00C93037 /* AppDelegate.swift in Sources */ = {isa = PBXBuildFile; fileRef = 588818D624482EAD00C93037 /* AppDelegate.swift */; };
		588818D924482EAD00C93037 /* SceneDelegate.swift in Sources */ = {isa = PBXBuildFile; fileRef = 588818D824482EAD00C93037 /* SceneDelegate.swift */; };
		588818DB24482EAD00C93037 /* ViewController.swift in Sources */ = {isa = PBXBuildFile; fileRef = 588818DA24482EAD00C93037 /* ViewController.swift */; };
		588818DE24482EAD00C93037 /* Main.storyboard in Resources */ = {isa = PBXBuildFile; fileRef = 588818DC24482EAD00C93037 /* Main.storyboard */; };
		588818E024482EAE00C93037 /* Assets.xcassets in Resources */ = {isa = PBXBuildFile; fileRef = 588818DF24482EAE00C93037 /* Assets.xcassets */; };
		588818E324482EAE00C93037 /* LaunchScreen.storyboard in Resources */ = {isa = PBXBuildFile; fileRef = 588818E124482EAE00C93037 /* LaunchScreen.storyboard */; };
		588818EB24482FC900C93037 /* Coordinator.swift in Sources */ = {isa = PBXBuildFile; fileRef = 588818EA24482FC900C93037 /* Coordinator.swift */; };
		588818ED244830D200C93037 /* Storyboarded.swift in Sources */ = {isa = PBXBuildFile; fileRef = 588818EC244830D200C93037 /* Storyboarded.swift */; };
		588818EF2448346500C93037 /* MainCoordinator.swift in Sources */ = {isa = PBXBuildFile; fileRef = 588818EE2448346500C93037 /* MainCoordinator.swift */; };
		58EADE762448434A00B89D8A /* BuyViewController.swift in Sources */ = {isa = PBXBuildFile; fileRef = 58EADE752448434A00B89D8A /* BuyViewController.swift */; };
		58EADE782448435C00B89D8A /* CreateAccountViewController.swift in Sources */ = {isa = PBXBuildFile; fileRef = 58EADE772448435C00B89D8A /* CreateAccountViewController.swift */; };
/* End PBXBuildFile section */

/* Begin PBXFileReference section */
		588818D324482EAD00C93037 /* CoordinatorTest.app */ = {isa = PBXFileReference; explicitFileType = wrapper.application; includeInIndex = 0; path = CoordinatorTest.app; sourceTree = BUILT_PRODUCTS_DIR; };
		588818D624482EAD00C93037 /* AppDelegate.swift */ = {isa = PBXFileReference; lastKnownFileType = sourcecode.swift; path = AppDelegate.swift; sourceTree = "<group>"; };
		588818D824482EAD00C93037 /* SceneDelegate.swift */ = {isa = PBXFileReference; lastKnownFileType = sourcecode.swift; path = SceneDelegate.swift; sourceTree = "<group>"; };
		588818DA24482EAD00C93037 /* ViewController.swift */ = {isa = PBXFileReference; lastKnownFileType = sourcecode.swift; path = ViewController.swift; sourceTree = "<group>"; };
		588818DD24482EAD00C93037 /* Base */ = {isa = PBXFileReference; lastKnownFileType = file.storyboard; name = Base; path = Base.lproj/Main.storyboard; sourceTree = "<group>"; };
		588818DF24482EAE00C93037 /* Assets.xcassets */ = {isa = PBXFileReference; lastKnownFileType = folder.assetcatalog; path = Assets.xcassets; sourceTree = "<group>"; };
		588818E224482EAE00C93037 /* Base */ = {isa = PBXFileReference; lastKnownFileType = file.storyboard; name = Base; path = Base.lproj/LaunchScreen.storyboard; sourceTree = "<group>"; };
		588818E424482EAE00C93037 /* Info.plist */ = {isa = PBXFileReference; lastKnownFileType = text.plist.xml; path = Info.plist; sourceTree = "<group>"; };
		588818EA24482FC900C93037 /* Coordinator.swift */ = {isa = PBXFileReference; lastKnownFileType = sourcecode.swift; path = Coordinator.swift; sourceTree = "<group>"; };
		588818EC244830D200C93037 /* Storyboarded.swift */ = {isa = PBXFileReference; lastKnownFileType = sourcecode.swift; path = Storyboarded.swift; sourceTree = "<group>"; };
		588818EE2448346500C93037 /* MainCoordinator.swift */ = {isa = PBXFileReference; lastKnownFileType = sourcecode.swift; path = MainCoordinator.swift; sourceTree = "<group>"; };
		58EADE752448434A00B89D8A /* BuyViewController.swift */ = {isa = PBXFileReference; lastKnownFileType = sourcecode.swift; path = BuyViewController.swift; sourceTree = "<group>"; };
		58EADE772448435C00B89D8A /* CreateAccountViewController.swift */ = {isa = PBXFileReference; lastKnownFileType = sourcecode.swift; path = CreateAccountViewController.swift; sourceTree = "<group>"; };
/* End PBXFileReference section */

/* Begin PBXFrameworksBuildPhase section */
		588818D024482EAD00C93037 /* Frameworks */ = {
			isa = PBXFrameworksBuildPhase;
			buildActionMask = 2147483647;
			files = (
			);
			runOnlyForDeploymentPostprocessing = 0;
		};
/* End PBXFrameworksBuildPhase section */

/* Begin PBXGroup section */
		585D62D524494C1900FF65DC /* Views */ = {
			isa = PBXGroup;
			children = (
				588818DA24482EAD00C93037 /* ViewController.swift */,
				58EADE752448434A00B89D8A /* BuyViewController.swift */,
				58EADE772448435C00B89D8A /* CreateAccountViewController.swift */,
			);
			path = Views;
			sourceTree = "<group>";
		};
		585D62D624494C5600FF65DC /* Coordinators */ = {
			isa = PBXGroup;
			children = (
				588818EA24482FC900C93037 /* Coordinator.swift */,
				588818EC244830D200C93037 /* Storyboarded.swift */,
				588818EE2448346500C93037 /* MainCoordinator.swift */,
			);
			path = Coordinators;
			sourceTree = "<group>";
		};
		588818CA24482EAD00C93037 = {
			isa = PBXGroup;
			children = (
				588818D524482EAD00C93037 /* CoordinatorTest */,
				588818D424482EAD00C93037 /* Products */,
			);
			sourceTree = "<group>";
		};
		588818D424482EAD00C93037 /* Products */ = {
			isa = PBXGroup;
			children = (
				588818D324482EAD00C93037 /* CoordinatorTest.app */,
			);
			name = Products;
			sourceTree = "<group>";
		};
		588818D524482EAD00C93037 /* CoordinatorTest */ = {
			isa = PBXGroup;
			children = (
				585D62D524494C1900FF65DC /* Views */,
				585D62D624494C5600FF65DC /* Coordinators */,
				588818D624482EAD00C93037 /* AppDelegate.swift */,
				588818D824482EAD00C93037 /* SceneDelegate.swift */,
				588818DC24482EAD00C93037 /* Main.storyboard */,
				588818DF24482EAE00C93037 /* Assets.xcassets */,
				588818E124482EAE00C93037 /* LaunchScreen.storyboard */,
				588818E424482EAE00C93037 /* Info.plist */,
			);
			path = CoordinatorTest;
			sourceTree = "<group>";
		};
/* End PBXGroup section */

/* Begin PBXNativeTarget section */
		588818D224482EAD00C93037 /* CoordinatorTest */ = {
			isa = PBXNativeTarget;
			buildConfigurationList = 588818E724482EAE00C93037 /* Build configuration list for PBXNativeTarget "CoordinatorTest" */;
			buildPhases = (
				588818CF24482EAD00C93037 /* Sources */,
				588818D024482EAD00C93037 /* Frameworks */,
				588818D124482EAD00C93037 /* Resources */,
			);
			buildRules = (
			);
			dependencies = (
			);
			name = CoordinatorTest;
			productName = CoordinatorTest;
			productReference = 588818D324482EAD00C93037 /* CoordinatorTest.app */;
			productType = "com.apple.product-type.application";
		};
/* End PBXNativeTarget section */

/* Begin PBXProject section */
		588818CB24482EAD00C93037 /* Project object */ = {
			isa = PBXProject;
			attributes = {
				LastSwiftUpdateCheck = 1140;
				LastUpgradeCheck = 1140;
				ORGANIZATIONNAME = "Thiago Anderson Martins";
				TargetAttributes = {
					588818D224482EAD00C93037 = {
						CreatedOnToolsVersion = 11.4;
					};
				};
			};
			buildConfigurationList = 588818CE24482EAD00C93037 /* Build configuration list for PBXProject "CoordinatorTest" */;
			compatibilityVersion = "Xcode 9.3";
			developmentRegion = en;
			hasScannedForEncodings = 0;
			knownRegions = (
				en,
				Base,
			);
			mainGroup = 588818CA24482EAD00C93037;
			productRefGroup = 588818D424482EAD00C93037 /* Products */;
			projectDirPath = "";
			projectRoot = "";
			targets = (
				588818D224482EAD00C93037 /* CoordinatorTest */,
			);
		};
/* End PBXProject section */

/* Begin PBXResourcesBuildPhase section */
		588818D124482EAD00C93037 /* Resources */ = {
			isa = PBXResourcesBuildPhase;
			buildActionMask = 2147483647;
			files = (
				588818E324482EAE00C93037 /* LaunchScreen.storyboard in Resources */,
				588818E024482EAE00C93037 /* Assets.xcassets in Resources */,
				588818DE24482EAD00C93037 /* Main.storyboard in Resources */,
			);
			runOnlyForDeploymentPostprocessing = 0;
		};
/* End PBXResourcesBuildPhase section */

/* Begin PBXSourcesBuildPhase section */
		588818CF24482EAD00C93037 /* Sources */ = {
			isa = PBXSourcesBuildPhase;
			buildActionMask = 2147483647;
			files = (
				588818EB24482FC900C93037 /* Coordinator.swift in Sources */,
				588818EF2448346500C93037 /* MainCoordinator.swift in Sources */,
				588818DB24482EAD00C93037 /* ViewController.swift in Sources */,
				588818ED244830D200C93037 /* Storyboarded.swift in Sources */,
				58EADE782448435C00B89D8A /* CreateAccountViewController.swift in Sources */,
				588818D724482EAD00C93037 /* AppDelegate.swift in Sources */,
				58EADE762448434A00B89D8A /* BuyViewController.swift in Sources */,
				588818D924482EAD00C93037 /* SceneDelegate.swift in Sources */,
			);
			runOnlyForDeploymentPostprocessing = 0;
		};
/* End PBXSourcesBuildPhase section */

/* Begin PBXVariantGroup section */
		588818DC24482EAD00C93037 /* Main.storyboard */ = {
			isa = PBXVariantGroup;
			children = (
				588818DD24482EAD00C93037 /* Base */,
			);
			name = Main.storyboard;
			sourceTree = "<group>";
		};
		588818E124482EAE00C93037 /* LaunchScreen.storyboard */ = {
			isa = PBXVariantGroup;
			children = (
				588818E224482EAE00C93037 /* Base */,
			);
			name = LaunchScreen.storyboard;
			sourceTree = "<group>";
		};
/* End PBXVariantGroup section */

/* Begin XCBuildConfiguration section */
		588818E524482EAE00C93037 /* Debug */ = {
			isa = XCBuildConfiguration;
			buildSettings = {
				ALWAYS_SEARCH_USER_PATHS = NO;
				CLANG_ANALYZER_NONNULL = YES;
				CLANG_ANALYZER_NUMBER_OBJECT_CONVERSION = YES_AGGRESSIVE;
				CLANG_CXX_LANGUAGE_STANDARD = "gnu++14";
				CLANG_CXX_LIBRARY = "libc++";
				CLANG_ENABLE_MODULES = YES;
				CLANG_ENABLE_OBJC_ARC = YES;
				CLANG_ENABLE_OBJC_WEAK = YES;
				CLANG_WARN_BLOCK_CAPTURE_AUTORELEASING = YES;
				CLANG_WARN_BOOL_CONVERSION = YES;
				CLANG_WARN_COMMA = YES;
				CLANG_WARN_CONSTANT_CONVERSION = YES;
				CLANG_WARN_DEPRECATED_OBJC_IMPLEMENTATIONS = YES;
				CLANG_WARN_DIRECT_OBJC_ISA_USAGE = YES_ERROR;
				CLANG_WARN_DOCUMENTATION_COMMENTS = YES;
				CLANG_WARN_EMPTY_BODY = YES;
				CLANG_WARN_ENUM_CONVERSION = YES;
				CLANG_WARN_INFINITE_RECURSION = YES;
				CLANG_WARN_INT_CONVERSION = YES;
				CLANG_WARN_NON_LITERAL_NULL_CONVERSION = YES;
				CLANG_WARN_OBJC_IMPLICIT_RETAIN_SELF = YES;
				CLANG_WARN_OBJC_LITERAL_CONVERSION = YES;
				CLANG_WARN_OBJC_ROOT_CLASS = YES_ERROR;
				CLANG_WARN_RANGE_LOOP_ANALYSIS = YES;
				CLANG_WARN_STRICT_PROTOTYPES = YES;
				CLANG_WARN_SUSPICIOUS_MOVE = YES;
				CLANG_WARN_UNGUARDED_AVAILABILITY = YES_AGGRESSIVE;
				CLANG_WARN_UNREACHABLE_CODE = YES;
				CLANG_WARN__DUPLICATE_METHOD_MATCH = YES;
				COPY_PHASE_STRIP = NO;
				DEBUG_INFORMATION_FORMAT = dwarf;
				ENABLE_STRICT_OBJC_MSGSEND = YES;
				ENABLE_TESTABILITY = YES;
				GCC_C_LANGUAGE_STANDARD = gnu11;
				GCC_DYNAMIC_NO_PIC = NO;
				GCC_NO_COMMON_BLOCKS = YES;
				GCC_OPTIMIZATION_LEVEL = 0;
				GCC_PREPROCESSOR_DEFINITIONS = (
					"DEBUG=1",
					"$(inherited)",
				);
				GCC_WARN_64_TO_32_BIT_CONVERSION = YES;
				GCC_WARN_ABOUT_RETURN_TYPE = YES_ERROR;
				GCC_WARN_UNDECLARED_SELECTOR = YES;
				GCC_WARN_UNINITIALIZED_AUTOS = YES_AGGRESSIVE;
				GCC_WARN_UNUSED_FUNCTION = YES;
				GCC_WARN_UNUSED_VARIABLE = YES;
				IPHONEOS_DEPLOYMENT_TARGET = 13.4;
				MTL_ENABLE_DEBUG_INFO = INCLUDE_SOURCE;
				MTL_FAST_MATH = YES;
				ONLY_ACTIVE_ARCH = YES;
				SDKROOT = iphoneos;
				SWIFT_ACTIVE_COMPILATION_CONDITIONS = DEBUG;
				SWIFT_OPTIMIZATION_LEVEL = "-Onone";
			};
			name = Debug;
		};
		588818E624482EAE00C93037 /* Release */ = {
			isa = XCBuildConfiguration;
			buildSettings = {
				ALWAYS_SEARCH_USER_PATHS = NO;
				CLANG_ANALYZER_NONNULL = YES;
				CLANG_ANALYZER_NUMBER_OBJECT_CONVERSION = YES_AGGRESSIVE;
				CLANG_CXX_LANGUAGE_STANDARD = "gnu++14";
				CLANG_CXX_LIBRARY = "libc++";
				CLANG_ENABLE_MODULES = YES;
				CLANG_ENABLE_OBJC_ARC = YES;
				CLANG_ENABLE_OBJC_WEAK = YES;
				CLANG_WARN_BLOCK_CAPTURE_AUTORELEASING = YES;
				CLANG_WARN_BOOL_CONVERSION = YES;
				CLANG_WARN_COMMA = YES;
				CLANG_WARN_CONSTANT_CONVERSION = YES;
				CLANG_WARN_DEPRECATED_OBJC_IMPLEMENTATIONS = YES;
				CLANG_WARN_DIRECT_OBJC_ISA_USAGE = YES_ERROR;
				CLANG_WARN_DOCUMENTATION_COMMENTS = YES;
				CLANG_WARN_EMPTY_BODY = YES;
				CLANG_WARN_ENUM_CONVERSION = YES;
				CLANG_WARN_INFINITE_RECURSION = YES;
				CLANG_WARN_INT_CONVERSION = YES;
				CLANG_WARN_NON_LITERAL_NULL_CONVERSION = YES;
				CLANG_WARN_OBJC_IMPLICIT_RETAIN_SELF = YES;
				CLANG_WARN_OBJC_LITERAL_CONVERSION = YES;
				CLANG_WARN_OBJC_ROOT_CLASS = YES_ERROR;
				CLANG_WARN_RANGE_LOOP_ANALYSIS = YES;
				CLANG_WARN_STRICT_PROTOTYPES = YES;
				CLANG_WARN_SUSPICIOUS_MOVE = YES;
				CLANG_WARN_UNGUARDED_AVAILABILITY = YES_AGGRESSIVE;
				CLANG_WARN_UNREACHABLE_CODE = YES;
				CLANG_WARN__DUPLICATE_METHOD_MATCH = YES;
				COPY_PHASE_STRIP = NO;
				DEBUG_INFORMATION_FORMAT = "dwarf-with-dsym";
				ENABLE_NS_ASSERTIONS = NO;
				ENABLE_STRICT_OBJC_MSGSEND = YES;
				GCC_C_LANGUAGE_STANDARD = gnu11;
				GCC_NO_COMMON_BLOCKS = YES;
				GCC_WARN_64_TO_32_BIT_CONVERSION = YES;
				GCC_WARN_ABOUT_RETURN_TYPE = YES_ERROR;
				GCC_WARN_UNDECLARED_SELECTOR = YES;
				GCC_WARN_UNINITIALIZED_AUTOS = YES_AGGRESSIVE;
				GCC_WARN_UNUSED_FUNCTION = YES;
				GCC_WARN_UNUSED_VARIABLE = YES;
				IPHONEOS_DEPLOYMENT_TARGET = 13.4;
				MTL_ENABLE_DEBUG_INFO = NO;
				MTL_FAST_MATH = YES;
				SDKROOT = iphoneos;
				SWIFT_COMPILATION_MODE = wholemodule;
				SWIFT_OPTIMIZATION_LEVEL = "-O";
				VALIDATE_PRODUCT = YES;
			};
			name = Release;
		};
		588818E824482EAE00C93037 /* Debug */ = {
			isa = XCBuildConfiguration;
			buildSettings = {
				ASSETCATALOG_COMPILER_APPICON_NAME = AppIcon;
				CODE_SIGN_STYLE = Automatic;
				INFOPLIST_FILE = CoordinatorTest/Info.plist;
				LD_RUNPATH_SEARCH_PATHS = (
					"$(inherited)",
					"@executable_path/Frameworks",
				);
				PRODUCT_BUNDLE_IDENTIFIER = thiagoAM.CoordinatorTest;
				PRODUCT_NAME = "$(TARGET_NAME)";
				SWIFT_VERSION = 5.0;
				TARGETED_DEVICE_FAMILY = "1,2";
			};
			name = Debug;
		};
		588818E924482EAE00C93037 /* Release */ = {
			isa = XCBuildConfiguration;
			buildSettings = {
				ASSETCATALOG_COMPILER_APPICON_NAME = AppIcon;
				CODE_SIGN_STYLE = Automatic;
				INFOPLIST_FILE = CoordinatorTest/Info.plist;
				LD_RUNPATH_SEARCH_PATHS = (
					"$(inherited)",
					"@executable_path/Frameworks",
				);
				PRODUCT_BUNDLE_IDENTIFIER = thiagoAM.CoordinatorTest;
				PRODUCT_NAME = "$(TARGET_NAME)";
				SWIFT_VERSION = 5.0;
				TARGETED_DEVICE_FAMILY = "1,2";
			};
			name = Release;
		};
/* End XCBuildConfiguration section */

/* Begin XCConfigurationList section */
		588818CE24482EAD00C93037 /* Build configuration list for PBXProject "CoordinatorTest" */ = {
			isa = XCConfigurationList;
			buildConfigurations = (
				588818E524482EAE00C93037 /* Debug */,
				588818E624482EAE00C93037 /* Release */,
			);
			defaultConfigurationIsVisible = 0;
			defaultConfigurationName = Release;
		};
		588818E724482EAE00C93037 /* Build configuration list for PBXNativeTarget "CoordinatorTest" */ = {
			isa = XCConfigurationList;
			buildConfigurations = (
				588818E824482EAE00C93037 /* Debug */,
				588818E924482EAE00C93037 /* Release */,
			);
			defaultConfigurationIsVisible = 0;
			defaultConfigurationName = Release;
		};
/* End XCConfigurationList section */
	};
	rootObject = 588818CB24482EAD00C93037 /* Project object */;
}
